
Microsoft Visual Studio Solution File, Format Version 12.00
# Visual Studio 15
VisualStudioVersion = 15.0.33529.398
MinimumVisualStudioVersion = 10.0.40219.1
Project("{F184B08F-C81C-45F6-A57F-5ABD9991F28F}") = "WpfAppVS2017", "WpfAppVS2017\WpfAppVS2017.vbproj", "{ACF39228-D599-40DF-AF46-72F69D48DC5C}"
EndProject
Project("{2150E333-8FDC-42A3-9474-1A3956D46DE8}") = "Model", "Model", "{7803CB60-DF86-468F-9D65-454DD60AF7D6}"
EndProject
Project("{F184B08F-C81C-45F6-A57F-5ABD9991F28F}") = "WpfAppModel", "WpfAppModel\WpfAppModel.vbproj", "{86D6F14D-9A26-4CD5-8521-487250597291}"
EndProject
Project("{2150E333-8FDC-42A3-9474-1A3956D46DE8}") = "DL", "DL", "{A91DABA3-A3BF-465B-9626-E221A0351349}"
EndProject
Project("{F184B08F-C81C-45F6-A57F-5ABD9991F28F}") = "WpfAppDL", "WpfAppDL\WpfAppDL.vbproj", "{E2173CFD-DEE3-4E1A-8C27-BEB1BEC46C8A}"
EndProject
Project("{2150E333-8FDC-42A3-9474-1A3956D46DE8}") = "BL", "BL", "{1DEC480F-CFEE-4328-AB19-F1FDF60791F9}"
EndProject
Project("{F184B08F-C81C-45F6-A57F-5ABD9991F28F}") = "WpfAppBL", "WpfAppBL\WpfAppBL.vbproj", "{AC7CBDF1-E78D-4F33-8A13-52AEF2ED4EAE}"
EndProject
Global
	GlobalSection(SolutionConfigurationPlatforms) = preSolution
		Debug|Any CPU = Debug|Any CPU
		Release|Any CPU = Release|Any CPU
	EndGlobalSection
	GlobalSection(ProjectConfigurationPlatforms) = postSolution
		{ACF39228-D599-40DF-AF46-72F69D48DC5C}.Debug|Any CPU.ActiveCfg = Debug|Any CPU
		{ACF39228-D599-40DF-AF46-72F69D48DC5C}.Debug|Any CPU.Build.0 = Debug|Any CPU
		{ACF39228-D599-40DF-AF46-72F69D48DC5C}.Release|Any CPU.ActiveCfg = Release|Any CPU
		{ACF39228-D599-40DF-AF46-72F69D48DC5C}.Release|Any CPU.Build.0 = Release|Any CPU
		{86D6F14D-9A26-4CD5-8521-487250597291}.Debug|Any CPU.ActiveCfg = Debug|Any CPU
		{86D6F14D-9A26-4CD5-8521-487250597291}.Debug|Any CPU.Build.0 = Debug|Any CPU
		{86D6F14D-9A26-4CD5-8521-487250597291}.Release|Any CPU.ActiveCfg = Release|Any CPU
		{86D6F14D-9A26-4CD5-8521-487250597291}.Release|Any CPU.Build.0 = Release|Any CPU
		{E2173CFD-DEE3-4E1A-8C27-BEB1BEC46C8A}.Debug|Any CPU.ActiveCfg = Debug|Any CPU
		{E2173CFD-DEE3-4E1A-8C27-BEB1BEC46C8A}.Debug|Any CPU.Build.0 = Debug|Any CPU
		{E2173CFD-DEE3-4E1A-8C27-BEB1BEC46C8A}.Release|Any CPU.ActiveCfg = Release|Any CPU
		{E2173CFD-DEE3-4E1A-8C27-BEB1BEC46C8A}.Release|Any CPU.Build.0 = Release|Any CPU
		{AC7CBDF1-E78D-4F33-8A13-52AEF2ED4EAE}.Debug|Any CPU.ActiveCfg = Debug|Any CPU
		{AC7CBDF1-E78D-4F33-8A13-52AEF2ED4EAE}.Debug|Any CPU.Build.0 = Debug|Any CPU
		{AC7CBDF1-E78D-4F33-8A13-52AEF2ED4EAE}.Release|Any CPU.ActiveCfg = Release|Any CPU
		{AC7CBDF1-E78D-4F33-8A13-52AEF2ED4EAE}.Release|Any CPU.Build.0 = Release|Any CPU
	EndGlobalSection
	GlobalSection(SolutionProperties) = preSolution
		HideSolutionNode = FALSE
	EndGlobalSection
	GlobalSection(NestedProjects) = preSolution
		{86D6F14D-9A26-4CD5-8521-487250597291} = {7803CB60-DF86-468F-9D65-454DD60AF7D6}
		{E2173CFD-DEE3-4E1A-8C27-BEB1BEC46C8A} = {A91DABA3-A3BF-465B-9626-E221A0351349}
		{AC7CBDF1-E78D-4F33-8A13-52AEF2ED4EAE} = {1DEC480F-CFEE-4328-AB19-F1FDF60791F9}
	EndGlobalSection
	GlobalSection(ExtensibilityGlobals) = postSolution
		SolutionGuid = {0C960D87-F02D-47C4-BC45-3490402121A9}
	EndGlobalSection
EndGlobal
